// !$*UTF8*$!
{
	archiveVersion = 1;
	classes = {
	};
	objectVersion = 46;
	objects = {

/* Begin PBXBuildFile section */
		2B1358271A41951A00142A9C /* Foundation.framework in Frameworks */ = {isa = PBXBuildFile; fileRef = 2B1358261A41951A00142A9C /* Foundation.framework */; };
		2B1358291A41951A00142A9C /* CoreGraphics.framework in Frameworks */ = {isa = PBXBuildFile; fileRef = 2B1358281A41951A00142A9C /* CoreGraphics.framework */; };
		2B13582B1A41951A00142A9C /* UIKit.framework in Frameworks */ = {isa = PBXBuildFile; fileRef = 2B13582A1A41951A00142A9C /* UIKit.framework */; };
		2B1358311A41951A00142A9C /* InfoPlist.strings in Resources */ = {isa = PBXBuildFile; fileRef = 2B13582F1A41951A00142A9C /* InfoPlist.strings */; };
		2B1358331A41951A00142A9C /* main.m in Sources */ = {isa = PBXBuildFile; fileRef = 2B1358321A41951A00142A9C /* main.m */; };
		2B1358371A41951A00142A9C /* AppDelegate.m in Sources */ = {isa = PBXBuildFile; fileRef = 2B1358361A41951A00142A9C /* AppDelegate.m */; };
		2B13583A1A41951A00142A9C /* Main.storyboard in Resources */ = {isa = PBXBuildFile; fileRef = 2B1358381A41951A00142A9C /* Main.storyboard */; };
		2B13583D1A41951A00142A9C /* ViewController.m in Sources */ = {isa = PBXBuildFile; fileRef = 2B13583C1A41951A00142A9C /* ViewController.m */; };
		2B13583F1A41951A00142A9C /* Images.xcassets in Resources */ = {isa = PBXBuildFile; fileRef = 2B13583E1A41951A00142A9C /* Images.xcassets */; };
		2B1358461A41951B00142A9C /* XCTest.framework in Frameworks */ = {isa = PBXBuildFile; fileRef = 2B1358451A41951B00142A9C /* XCTest.framework */; };
		2B1358471A41951B00142A9C /* Foundation.framework in Frameworks */ = {isa = PBXBuildFile; fileRef = 2B1358261A41951A00142A9C /* Foundation.framework */; };
		2B1358481A41951B00142A9C /* UIKit.framework in Frameworks */ = {isa = PBXBuildFile; fileRef = 2B13582A1A41951A00142A9C /* UIKit.framework */; };
		2B1358501A41951B00142A9C /* InfoPlist.strings in Resources */ = {isa = PBXBuildFile; fileRef = 2B13584E1A41951B00142A9C /* InfoPlist.strings */; };
		2B1358521A41951B00142A9C /* passwordhackerTests.m in Sources */ = {isa = PBXBuildFile; fileRef = 2B1358511A41951B00142A9C /* passwordhackerTests.m */; };
/* End PBXBuildFile section */

/* Begin PBXContainerItemProxy section */
		2B1358491A41951B00142A9C /* PBXContainerItemProxy */ = {
			isa = PBXContainerItemProxy;
			containerPortal = 2B13581B1A41951A00142A9C /* Project object */;
			proxyType = 1;
			remoteGlobalIDString = 2B1358221A41951A00142A9C;
			remoteInfo = passwordhacker;
		};
/* End PBXContainerItemProxy section */

/* Begin PBXFileReference section */
		2B1358231A41951A00142A9C /* passwordhacker.app */ = {isa = PBXFileReference; explicitFileType = wrapper.application; includeInIndex = 0; path = passwordhacker.app; sourceTree = BUILT_PRODUCTS_DIR; };
		2B1358261A41951A00142A9C /* Foundation.framework */ = {isa = PBXFileReference; lastKnownFileType = wrapper.framework; name = Foundation.framework; path = System/Library/Frameworks/Foundation.framework; sourceTree = SDKROOT; };
		2B1358281A41951A00142A9C /* CoreGraphics.framework */ = {isa = PBXFileReference; lastKnownFileType = wrapper.framework; name = CoreGraphics.framework; path = System/Library/Frameworks/CoreGraphics.framework; sourceTree = SDKROOT; };
		2B13582A1A41951A00142A9C /* UIKit.framework */ = {isa = PBXFileReference; lastKnownFileType = wrapper.framework; name = UIKit.framework; path = System/Library/Frameworks/UIKit.framework; sourceTree = SDKROOT; };
		2B13582E1A41951A00142A9C /* passwordhacker-Info.plist */ = {isa = PBXFileReference; lastKnownFileType = text.plist.xml; path = "passwordhacker-Info.plist"; sourceTree = "<group>"; };
		2B1358301A41951A00142A9C /* en */ = {isa = PBXFileReference; lastKnownFileType = text.plist.strings; name = en; path = en.lproj/InfoPlist.strings; sourceTree = "<group>"; };
		2B1358321A41951A00142A9C /* main.m */ = {isa = PBXFileReference; lastKnownFileType = sourcecode.c.objc; path = main.m; sourceTree = "<group>"; };
		2B1358341A41951A00142A9C /* passwordhacker-Prefix.pch */ = {isa = PBXFileReference; lastKnownFileType = sourcecode.c.h; path = "passwordhacker-Prefix.pch"; sourceTree = "<group>"; };
		2B1358351A41951A00142A9C /* AppDelegate.h */ = {isa = PBXFileReference; lastKnownFileType = sourcecode.c.h; path = AppDelegate.h; sourceTree = "<group>"; };
		2B1358361A41951A00142A9C /* AppDelegate.m */ = {isa = PBXFileReference; lastKnownFileType = sourcecode.c.objc; path = AppDelegate.m; sourceTree = "<group>"; };
		2B1358391A41951A00142A9C /* Base */ = {isa = PBXFileReference; lastKnownFileType = file.storyboard; name = Base; path = Base.lproj/Main.storyboard; sourceTree = "<group>"; };
		2B13583B1A41951A00142A9C /* ViewController.h */ = {isa = PBXFileReference; lastKnownFileType = sourcecode.c.h; path = ViewController.h; sourceTree = "<group>"; };
		2B13583C1A41951A00142A9C /* ViewController.m */ = {isa = PBXFileReference; lastKnownFileType = sourcecode.c.objc; path = ViewController.m; sourceTree = "<group>"; };
		2B13583E1A41951A00142A9C /* Images.xcassets */ = {isa = PBXFileReference; lastKnownFileType = folder.assetcatalog; path = Images.xcassets; sourceTree = "<group>"; };
		2B1358441A41951B00142A9C /* passwordhackerTests.xctest */ = {isa = PBXFileReference; explicitFileType = wrapper.cfbundle; includeInIndex = 0; path = passwordhackerTests.xctest; sourceTree = BUILT_PRODUCTS_DIR; };
		2B1358451A41951B00142A9C /* XCTest.framework */ = {isa = PBXFileReference; lastKnownFileType = wrapper.framework; name = XCTest.framework; path = Library/Frameworks/XCTest.framework; sourceTree = DEVELOPER_DIR; };
		2B13584D1A41951B00142A9C /* passwordhackerTests-Info.plist */ = {isa = PBXFileReference; lastKnownFileType = text.plist.xml; path = "passwordhackerTests-Info.plist"; sourceTree = "<group>"; };
		2B13584F1A41951B00142A9C /* en */ = {isa = PBXFileReference; lastKnownFileType = text.plist.strings; name = en; path = en.lproj/InfoPlist.strings; sourceTree = "<group>"; };
		2B1358511A41951B00142A9C /* passwordhackerTests.m */ = {isa = PBXFileReference; lastKnownFileType = sourcecode.c.objc; path = passwordhackerTests.m; sourceTree = "<group>"; };
/* End PBXFileReference section */

/* Begin PBXFrameworksBuildPhase section */
		2B1358201A41951A00142A9C /* Frameworks */ = {
			isa = PBXFrameworksBuildPhase;
			buildActionMask = 2147483647;
			files = (
				2B1358291A41951A00142A9C /* CoreGraphics.framework in Frameworks */,
				2B13582B1A41951A00142A9C /* UIKit.framework in Frameworks */,
				2B1358271A41951A00142A9C /* Foundation.framework in Frameworks */,
			);
			runOnlyForDeploymentPostprocessing = 0;
		};
		2B1358411A41951B00142A9C /* Frameworks */ = {
			isa = PBXFrameworksBuildPhase;
			buildActionMask = 2147483647;
			files = (
				2B1358461A41951B00142A9C /* XCTest.framework in Frameworks */,
				2B1358481A41951B00142A9C /* UIKit.framework in Frameworks */,
				2B1358471A41951B00142A9C /* Foundation.framework in Frameworks */,
			);
			runOnlyForDeploymentPostprocessing = 0;
		};
/* End PBXFrameworksBuildPhase section */

/* Begin PBXGroup section */
		2B13581A1A41951A00142A9C = {
			isa = PBXGroup;
			children = (
				2B13582C1A41951A00142A9C /* passwordhacker */,
				2B13584B1A41951B00142A9C /* passwordhackerTests */,
				2B1358251A41951A00142A9C /* Frameworks */,
				2B1358241A41951A00142A9C /* Products */,
			);
			sourceTree = "<group>";
		};
		2B1358241A41951A00142A9C /* Products */ = {
			isa = PBXGroup;
			children = (
				2B1358231A41951A00142A9C /* passwordhacker.app */,
				2B1358441A41951B00142A9C /* passwordhackerTests.xctest */,
			);
			name = Products;
			sourceTree = "<group>";
		};
		2B1358251A41951A00142A9C /* Frameworks */ = {
			isa = PBXGroup;
			children = (
				2B1358261A41951A00142A9C /* Foundation.framework */,
				2B1358281A41951A00142A9C /* CoreGraphics.framework */,
				2B13582A1A41951A00142A9C /* UIKit.framework */,
				2B1358451A41951B00142A9C /* XCTest.framework */,
			);
			name = Frameworks;
			sourceTree = "<group>";
		};
		2B13582C1A41951A00142A9C /* passwordhacker */ = {
			isa = PBXGroup;
			children = (
				2B1358351A41951A00142A9C /* AppDelegate.h */,
				2B1358361A41951A00142A9C /* AppDelegate.m */,
				2B1358381A41951A00142A9C /* Main.storyboard */,
				2B13583B1A41951A00142A9C /* ViewController.h */,
				2B13583C1A41951A00142A9C /* ViewController.m */,
				2B13583E1A41951A00142A9C /* Images.xcassets */,
				2B13582D1A41951A00142A9C /* Supporting Files */,
			);
			path = passwordhacker;
			sourceTree = "<group>";
		};
		2B13582D1A41951A00142A9C /* Supporting Files */ = {
			isa = PBXGroup;
			children = (
				2B13582E1A41951A00142A9C /* passwordhacker-Info.plist */,
				2B13582F1A41951A00142A9C /* InfoPlist.strings */,
				2B1358321A41951A00142A9C /* main.m */,
				2B1358341A41951A00142A9C /* passwordhacker-Prefix.pch */,
			);
			name = "Supporting Files";
			sourceTree = "<group>";
		};
		2B13584B1A41951B00142A9C /* passwordhackerTests */ = {
			isa = PBXGroup;
			children = (
				2B1358511A41951B00142A9C /* passwordhackerTests.m */,
				2B13584C1A41951B00142A9C /* Supporting Files */,
			);
			path = passwordhackerTests;
			sourceTree = "<group>";
		};
		2B13584C1A41951B00142A9C /* Supporting Files */ = {
			isa = PBXGroup;
			children = (
				2B13584D1A41951B00142A9C /* passwordhackerTests-Info.plist */,
				2B13584E1A41951B00142A9C /* InfoPlist.strings */,
			);
			name = "Supporting Files";
			sourceTree = "<group>";
		};
/* End PBXGroup section */

/* Begin PBXNativeTarget section */
		2B1358221A41951A00142A9C /* passwordhacker */ = {
			isa = PBXNativeTarget;
			buildConfigurationList = 2B1358551A41951B00142A9C /* Build configuration list for PBXNativeTarget "passwordhacker" */;
			buildPhases = (
				2B13581F1A41951A00142A9C /* Sources */,
				2B1358201A41951A00142A9C /* Frameworks */,
				2B1358211A41951A00142A9C /* Resources */,
			);
			buildRules = (
			);
			dependencies = (
			);
			name = passwordhacker;
			productName = passwordhacker;
			productReference = 2B1358231A41951A00142A9C /* passwordhacker.app */;
			productType = "com.apple.product-type.application";
		};
		2B1358431A41951B00142A9C /* passwordhackerTests */ = {
			isa = PBXNativeTarget;
			buildConfigurationList = 2B1358581A41951B00142A9C /* Build configuration list for PBXNativeTarget "passwordhackerTests" */;
			buildPhases = (
				2B1358401A41951B00142A9C /* Sources */,
				2B1358411A41951B00142A9C /* Frameworks */,
				2B1358421A41951B00142A9C /* Resources */,
			);
			buildRules = (
			);
			dependencies = (
				2B13584A1A41951B00142A9C /* PBXTargetDependency */,
			);
			name = passwordhackerTests;
			productName = passwordhackerTests;
			productReference = 2B1358441A41951B00142A9C /* passwordhackerTests.xctest */;
			productType = "com.apple.product-type.bundle.unit-test";
		};
/* End PBXNativeTarget section */

/* Begin PBXProject section */
		2B13581B1A41951A00142A9C /* Project object */ = {
			isa = PBXProject;
			attributes = {
				LastUpgradeCheck = 0510;
				ORGANIZATIONNAME = "___FULLUSERNAME___";
				TargetAttributes = {
					2B1358431A41951B00142A9C = {
						TestTargetID = 2B1358221A41951A00142A9C;
					};
				};
			};
			buildConfigurationList = 2B13581E1A41951A00142A9C /* Build configuration list for PBXProject "passwordhacker" */;
			compatibilityVersion = "Xcode 3.2";
			developmentRegion = English;
			hasScannedForEncodings = 0;
			knownRegions = (
				en,
				Base,
			);
			mainGroup = 2B13581A1A41951A00142A9C;
			productRefGroup = 2B1358241A41951A00142A9C /* Products */;
			projectDirPath = "";
			projectRoot = "";
			targets = (
				2B1358221A41951A00142A9C /* passwordhacker */,
				2B1358431A41951B00142A9C /* passwordhackerTests */,
			);
		};
/* End PBXProject section */

/* Begin PBXResourcesBuildPhase section */
		2B1358211A41951A00142A9C /* Resources */ = {
			isa = PBXResourcesBuildPhase;
			buildActionMask = 2147483647;
			files = (
				2B13583F1A41951A00142A9C /* Images.xcassets in Resources */,
				2B1358311A41951A00142A9C /* InfoPlist.strings in Resources */,
				2B13583A1A41951A00142A9C /* Main.storyboard in Resources */,
			);
			runOnlyForDeploymentPostprocessing = 0;
		};
		2B1358421A41951B00142A9C /* Resources */ = {
			isa = PBXResourcesBuildPhase;
			buildActionMask = 2147483647;
			files = (
				2B1358501A41951B00142A9C /* InfoPlist.strings in Resources */,
			);
			runOnlyForDeploymentPostprocessing = 0;
		};
/* End PBXResourcesBuildPhase section */

/* Begin PBXSourcesBuildPhase section */
		2B13581F1A41951A00142A9C /* Sources */ = {
			isa = PBXSourcesBuildPhase;
			buildActionMask = 2147483647;
			files = (
				2B13583D1A41951A00142A9C /* ViewController.m in Sources */,
				2B1358371A41951A00142A9C /* AppDelegate.m in Sources */,
				2B1358331A41951A00142A9C /* main.m in Sources */,
			);
			runOnlyForDeploymentPostprocessing = 0;
		};
		2B1358401A41951B00142A9C /* Sources */ = {
			isa = PBXSourcesBuildPhase;
			buildActionMask = 2147483647;
			files = (
				2B1358521A41951B00142A9C /* passwordhackerTests.m in Sources */,
			);
			runOnlyForDeploymentPostprocessing = 0;
		};
/* End PBXSourcesBuildPhase section */

/* Begin PBXTargetDependency section */
		2B13584A1A41951B00142A9C /* PBXTargetDependency */ = {
			isa = PBXTargetDependency;
			target = 2B1358221A41951A00142A9C /* passwordhacker */;
			targetProxy = 2B1358491A41951B00142A9C /* PBXContainerItemProxy */;
		};
/* End PBXTargetDependency section */

/* Begin PBXVariantGroup section */
		2B13582F1A41951A00142A9C /* InfoPlist.strings */ = {
			isa = PBXVariantGroup;
			children = (
				2B1358301A41951A00142A9C /* en */,
			);
			name = InfoPlist.strings;
			sourceTree = "<group>";
		};
		2B1358381A41951A00142A9C /* Main.storyboard */ = {
			isa = PBXVariantGroup;
			children = (
				2B1358391A41951A00142A9C /* Base */,
			);
			name = Main.storyboard;
			sourceTree = "<group>";
		};
		2B13584E1A41951B00142A9C /* InfoPlist.strings */ = {
			isa = PBXVariantGroup;
			children = (
				2B13584F1A41951B00142A9C /* en */,
			);
			name = InfoPlist.strings;
			sourceTree = "<group>";
		};
/* End PBXVariantGroup section */

/* Begin XCBuildConfiguration section */
		2B1358531A41951B00142A9C /* Debug */ = {
			isa = XCBuildConfiguration;
			buildSettings = {
				ALWAYS_SEARCH_USER_PATHS = NO;
				CLANG_CXX_LANGUAGE_STANDARD = "gnu++0x";
				CLANG_CXX_LIBRARY = "libc++";
				CLANG_ENABLE_MODULES = YES;
				CLANG_ENABLE_OBJC_ARC = YES;
				CLANG_WARN_BOOL_CONVERSION = YES;
				CLANG_WARN_CONSTANT_CONVERSION = YES;
				CLANG_WARN_DIRECT_OBJC_ISA_USAGE = YES_ERROR;
				CLANG_WARN_EMPTY_BODY = YES;
				CLANG_WARN_ENUM_CONVERSION = YES;
				CLANG_WARN_INT_CONVERSION = YES;
				CLANG_WARN_OBJC_ROOT_CLASS = YES_ERROR;
				CLANG_WARN__DUPLICATE_METHOD_MATCH = YES;
				"CODE_SIGN_IDENTITY[sdk=iphoneos*]" = "iPhone Developer";
				COPY_PHASE_STRIP = NO;
				GCC_C_LANGUAGE_STANDARD = gnu99;
				GCC_DYNAMIC_NO_PIC = NO;
				GCC_OPTIMIZATION_LEVEL = 0;
				GCC_PREPROCESSOR_DEFINITIONS = (
					"DEBUG=1",
					"$(inherited)",
				);
				GCC_SYMBOLS_PRIVATE_EXTERN = NO;
				GCC_WARN_64_TO_32_BIT_CONVERSION = YES;
				GCC_WARN_ABOUT_RETURN_TYPE = YES_ERROR;
				GCC_WARN_UNDECLARED_SELECTOR = YES;
				GCC_WARN_UNINITIALIZED_AUTOS = YES_AGGRESSIVE;
				GCC_WARN_UNUSED_FUNCTION = YES;
				GCC_WARN_UNUSED_VARIABLE = YES;
				IPHONEOS_DEPLOYMENT_TARGET = 7.1;
				ONLY_ACTIVE_ARCH = YES;
				SDKROOT = iphoneos;
			};
			name = Debug;
		};
		2B1358541A41951B00142A9C /* Release */ = {
			isa = XCBuildConfiguration;
			buildSettings = {
				ALWAYS_SEARCH_USER_PATHS = NO;
				CLANG_CXX_LANGUAGE_STANDARD = "gnu++0x";
				CLANG_CXX_LIBRARY = "libc++";
				CLANG_ENABLE_MODULES = YES;
				CLANG_ENABLE_OBJC_ARC = YES;
				CLANG_WARN_BOOL_CONVERSION = YES;
				CLANG_WARN_CONSTANT_CONVERSION = YES;
				CLANG_WARN_DIRECT_OBJC_ISA_USAGE = YES_ERROR;
				CLANG_WARN_EMPTY_BODY = YES;
				CLANG_WARN_ENUM_CONVERSION = YES;
				CLANG_WARN_INT_CONVERSION = YES;
				CLANG_WARN_OBJC_ROOT_CLASS = YES_ERROR;
				CLANG_WARN__DUPLICATE_METHOD_MATCH = YES;
				"CODE_SIGN_IDENTITY[sdk=iphoneos*]" = "iPhone Developer";
				COPY_PHASE_STRIP = YES;
				ENABLE_NS_ASSERTIONS = NO;
				GCC_C_LANGUAGE_STANDARD = gnu99;
				GCC_WARN_64_TO_32_BIT_CONVERSION = YES;
				GCC_WARN_ABOUT_RETURN_TYPE = YES_ERROR;
				GCC_WARN_UNDECLARED_SELECTOR = YES;
				GCC_WARN_UNINITIALIZED_AUTOS = YES_AGGRESSIVE;
				GCC_WARN_UNUSED_FUNCTION = YES;
				GCC_WARN_UNUSED_VARIABLE = YES;
				IPHONEOS_DEPLOYMENT_TARGET = 7.1;
				SDKROOT = iphoneos;
				VALIDATE_PRODUCT = YES;
			};
			name = Release;
		};
		2B1358561A41951B00142A9C /* Debug */ = {
			isa = XCBuildConfiguration;
			buildSettings = {
				ASSETCATALOG_COMPILER_APPICON_NAME = AppIcon;
				ASSETCATALOG_COMPILER_LAUNCHIMAGE_NAME = LaunchImage;
				GCC_PRECOMPILE_PREFIX_HEADER = YES;
				GCC_PREFIX_HEADER = "passwordhacker/passwordhacker-Prefix.pch";
				INFOPLIST_FILE = "passwordhacker/passwordhacker-Info.plist";
				PRODUCT_NAME = "$(TARGET_NAME)";
				WRAPPER_EXTENSION = app;
			};
			name = Debug;
		};
		2B1358571A41951B00142A9C /* Release */ = {
			isa = XCBuildConfiguration;
			buildSettings = {
				ASSETCATALOG_COMPILER_APPICON_NAME = AppIcon;
				ASSETCATALOG_COMPILER_LAUNCHIMAGE_NAME = LaunchImage;
				GCC_PRECOMPILE_PREFIX_HEADER = YES;
				GCC_PREFIX_HEADER = "passwordhacker/passwordhacker-Prefix.pch";
				INFOPLIST_FILE = "passwordhacker/passwordhacker-Info.plist";
				PRODUCT_NAME = "$(TARGET_NAME)";
				WRAPPER_EXTENSION = app;
			};
			name = Release;
		};
		2B1358591A41951B00142A9C /* Debug */ = {
			isa = XCBuildConfiguration;
			buildSettings = {
				BUNDLE_LOADER = "$(BUILT_PRODUCTS_DIR)/passwordhacker.app/passwordhacker";
				FRAMEWORK_SEARCH_PATHS = (
					"$(SDKROOT)/Developer/Library/Frameworks",
					"$(inherited)",
					"$(DEVELOPER_FRAMEWORKS_DIR)",
				);
				GCC_PRECOMPILE_PREFIX_HEADER = YES;
				GCC_PREFIX_HEADER = "passwordhacker/passwordhacker-Prefix.pch";
				GCC_PREPROCESSOR_DEFINITIONS = (
					"DEBUG=1",
					"$(inherited)",
				);
				INFOPLIST_FILE = "passwordhackerTests/passwordhackerTests-Info.plist";
				PRODUCT_NAME = "$(TARGET_NAME)";
				TEST_HOST = "$(BUNDLE_LOADER)";
				WRAPPER_EXTENSION = xctest;
			};
			name = Debug;
		};
		2B13585A1A41951B00142A9C /* Release */ = {
			isa = XCBuildConfiguration;
			buildSettings = {
				BUNDLE_LOADER = "$(BUILT_PRODUCTS_DIR)/passwordhacker.app/passwordhacker";
				FRAMEWORK_SEARCH_PATHS = (
					"$(SDKROOT)/Developer/Library/Frameworks",
					"$(inherited)",
					"$(DEVELOPER_FRAMEWORKS_DIR)",
				);
				GCC_PRECOMPILE_PREFIX_HEADER = YES;
				GCC_PREFIX_HEADER = "passwordhacker/passwordhacker-Prefix.pch";
				INFOPLIST_FILE = "passwordhackerTests/passwordhackerTests-Info.plist";
				PRODUCT_NAME = "$(TARGET_NAME)";
				TEST_HOST = "$(BUNDLE_LOADER)";
				WRAPPER_EXTENSION = xctest;
			};
			name = Release;
		};
/* End XCBuildConfiguration section */

/* Begin XCConfigurationList section */
		2B13581E1A41951A00142A9C /* Build configuration list for PBXProject "passwordhacker" */ = {
			isa = XCConfigurationList;
			buildConfigurations = (
				2B1358531A41951B00142A9C /* Debug */,
				2B1358541A41951B00142A9C /* Release */,
			);
			defaultConfigurationIsVisible = 0;
			defaultConfigurationName = Release;
		};
		2B1358551A41951B00142A9C /* Build configuration list for PBXNativeTarget "passwordhacker" */ = {
			isa = XCConfigurationList;
			buildConfigurations = (
				2B1358561A41951B00142A9C /* Debug */,
				2B1358571A41951B00142A9C /* Release */,
			);
			defaultConfigurationIsVisible = 0;
		};
		2B1358581A41951B00142A9C /* Build configuration list for PBXNativeTarget "passwordhackerTests" */ = {
			isa = XCConfigurationList;
			buildConfigurations = (
				2B1358591A41951B00142A9C /* Debug */,
				2B13585A1A41951B00142A9C /* Release */,
			);
			defaultConfigurationIsVisible = 0;
		};
/* End XCConfigurationList section */
	};
	rootObject = 2B13581B1A41951A00142A9C /* Project object */;
}
